
Microsoft Visual Studio Solution File, Format Version 12.00
# Visual Studio 15
VisualStudioVersion = 15.0.28307.421
MinimumVisualStudioVersion = 10.0.40219.1
Project("{9A19103F-16F7-4668-BE54-9A1E7A4F7556}") = "CoreServicesBootcamp.BLL", "CoreServicesBootcamp.BLL\CoreServicesBootcamp.BLL.csproj", "{3B0747F9-31CF-4742-895D-1483BD5D275A}"
	ProjectSection(ProjectDependencies) = postProject
		{485EC36B-A559-4111-9B61-411F0BD768F8} = {485EC36B-A559-4111-9B61-411F0BD768F8}
	EndProjectSection
EndProject
Project("{9A19103F-16F7-4668-BE54-9A1E7A4F7556}") = "CoreServicesBootcamp.UI", "CoreServicesBootcamp.UI\CoreServicesBootcamp.UI.csproj", "{10591518-E3DB-40A2-87D7-02B4CDDA77A2}"
	ProjectSection(ProjectDependencies) = postProject
		{485EC36B-A559-4111-9B61-411F0BD768F8} = {485EC36B-A559-4111-9B61-411F0BD768F8}
		{3B0747F9-31CF-4742-895D-1483BD5D275A} = {3B0747F9-31CF-4742-895D-1483BD5D275A}
	EndProjectSection
EndProject
Project("{9A19103F-16F7-4668-BE54-9A1E7A4F7556}") = "CoreServicesBootcamp.DAL", "CoreServicesBootcamp.DAL\CoreServicesBootcamp.DAL.csproj", "{485EC36B-A559-4111-9B61-411F0BD768F8}"
EndProject
Project("{9A19103F-16F7-4668-BE54-9A1E7A4F7556}") = "CoreServicesBootcamp.UnitTests", "CoreServicesBootcamp.UnitTests\CoreServicesBootcamp.UnitTests.csproj", "{8CC8D177-1AD6-45E6-9B05-8526A30EAD1C}"
	ProjectSection(ProjectDependencies) = postProject
		{10591518-E3DB-40A2-87D7-02B4CDDA77A2} = {10591518-E3DB-40A2-87D7-02B4CDDA77A2}
	EndProjectSection
EndProject
Global
	GlobalSection(SolutionConfigurationPlatforms) = preSolution
		Debug|Any CPU = Debug|Any CPU
		Release|Any CPU = Release|Any CPU
	EndGlobalSection
	GlobalSection(ProjectConfigurationPlatforms) = postSolution
		{3B0747F9-31CF-4742-895D-1483BD5D275A}.Debug|Any CPU.ActiveCfg = Debug|Any CPU
		{3B0747F9-31CF-4742-895D-1483BD5D275A}.Debug|Any CPU.Build.0 = Debug|Any CPU
		{3B0747F9-31CF-4742-895D-1483BD5D275A}.Release|Any CPU.ActiveCfg = Release|Any CPU
		{3B0747F9-31CF-4742-895D-1483BD5D275A}.Release|Any CPU.Build.0 = Release|Any CPU
		{10591518-E3DB-40A2-87D7-02B4CDDA77A2}.Debug|Any CPU.ActiveCfg = Debug|Any CPU
		{10591518-E3DB-40A2-87D7-02B4CDDA77A2}.Debug|Any CPU.Build.0 = Debug|Any CPU
		{10591518-E3DB-40A2-87D7-02B4CDDA77A2}.Release|Any CPU.ActiveCfg = Release|Any CPU
		{10591518-E3DB-40A2-87D7-02B4CDDA77A2}.Release|Any CPU.Build.0 = Release|Any CPU
		{485EC36B-A559-4111-9B61-411F0BD768F8}.Debug|Any CPU.ActiveCfg = Debug|Any CPU
		{485EC36B-A559-4111-9B61-411F0BD768F8}.Debug|Any CPU.Build.0 = Debug|Any CPU
		{485EC36B-A559-4111-9B61-411F0BD768F8}.Release|Any CPU.ActiveCfg = Release|Any CPU
		{485EC36B-A559-4111-9B61-411F0BD768F8}.Release|Any CPU.Build.0 = Release|Any CPU
		{8CC8D177-1AD6-45E6-9B05-8526A30EAD1C}.Debug|Any CPU.ActiveCfg = Debug|Any CPU
		{8CC8D177-1AD6-45E6-9B05-8526A30EAD1C}.Debug|Any CPU.Build.0 = Debug|Any CPU
		{8CC8D177-1AD6-45E6-9B05-8526A30EAD1C}.Release|Any CPU.ActiveCfg = Release|Any CPU
		{8CC8D177-1AD6-45E6-9B05-8526A30EAD1C}.Release|Any CPU.Build.0 = Release|Any CPU
	EndGlobalSection
	GlobalSection(SolutionProperties) = preSolution
		HideSolutionNode = FALSE
	EndGlobalSection
	GlobalSection(ExtensibilityGlobals) = postSolution
		SolutionGuid = {31078EAB-DCF6-4247-8129-4A133E040A72}
	EndGlobalSection
EndGlobal
